
Microsoft Visual Studio Solution File, Format Version 12.00
# Visual Studio Version 16
VisualStudioVersion = 16.0.30804.86
MinimumVisualStudioVersion = 10.0.40219.1
Project("{9A19103F-16F7-4668-BE54-9A1E7A4F7556}") = "F1", "F1\F1.csproj", "{A6FBC1BD-7723-47AC-87F1-965B839E5841}"
EndProject
Project("{FAE04EC0-301F-11D3-BF4B-00C04F79EFBC}") = "F1Test", "F1Test\F1Test.csproj", "{FB179C36-F15F-43CC-919F-4B1B1DB0F56F}"
EndProject
Global
	GlobalSection(SolutionConfigurationPlatforms) = preSolution
		Debug|Any CPU = Debug|Any CPU
		Release|Any CPU = Release|Any CPU
	EndGlobalSection
	GlobalSection(ProjectConfigurationPlatforms) = postSolution
		{A6FBC1BD-7723-47AC-87F1-965B839E5841}.Debug|Any CPU.ActiveCfg = Debug|Any CPU
		{A6FBC1BD-7723-47AC-87F1-965B839E5841}.Debug|Any CPU.Build.0 = Debug|Any CPU
		{A6FBC1BD-7723-47AC-87F1-965B839E5841}.Release|Any CPU.ActiveCfg = Release|Any CPU
		{A6FBC1BD-7723-47AC-87F1-965B839E5841}.Release|Any CPU.Build.0 = Release|Any CPU
		{FB179C36-F15F-43CC-919F-4B1B1DB0F56F}.Debug|Any CPU.ActiveCfg = Debug|Any CPU
		{FB179C36-F15F-43CC-919F-4B1B1DB0F56F}.Debug|Any CPU.Build.0 = Debug|Any CPU
		{FB179C36-F15F-43CC-919F-4B1B1DB0F56F}.Release|Any CPU.ActiveCfg = Release|Any CPU
		{FB179C36-F15F-43CC-919F-4B1B1DB0F56F}.Release|Any CPU.Build.0 = Release|Any CPU
	EndGlobalSection
	GlobalSection(SolutionProperties) = preSolution
		HideSolutionNode = FALSE
	EndGlobalSection
	GlobalSection(ExtensibilityGlobals) = postSolution
		SolutionGuid = {F281FBCC-4B61-43D7-8758-4AE0DCC413F5}
	EndGlobalSection
EndGlobal
